
Microsoft Visual Studio Solution File, Format Version 12.00
# Visual Studio Version 16
VisualStudioVersion = 16.0.28803.452
MinimumVisualStudioVersion = 10.0.40219.1
Project("{9A19103F-16F7-4668-BE54-9A1E7A4F7556}") = "eventserver", "eventserver\eventserver.csproj", "{CA633483-0267-4AA2-9CA7-DE15F089F20C}"
EndProject
Project("{FAE04EC0-301F-11D3-BF4B-00C04F79EFBC}") = "dapp_acclib", "dapp_acclib\dapp_acclib.csproj", "{98C883F2-5ED6-4660-AF0B-8ECC8642EEA0}"
EndProject
Project("{FAE04EC0-301F-11D3-BF4B-00C04F79EFBC}") = "test_app", "test_app\test_app.csproj", "{67C03F40-832A-4C22-86BB-F02ADDD3E4EC}"
EndProject
Project("{9A19103F-16F7-4668-BE54-9A1E7A4F7556}") = "thinSDK_neo", "thinSDK_neo\thinSDK_neo.csproj", "{EE87D0F6-9AE7-4213-821B-60E098F2FDCA}"
EndProject
Project("{9A19103F-16F7-4668-BE54-9A1E7A4F7556}") = "thinSDK", "thinSDK\thinSDK.csproj", "{F7E2E791-4687-4164-B2FD-73CDF215D34E}"
EndProject
Global
	GlobalSection(SolutionConfigurationPlatforms) = preSolution
		Debug|Any CPU = Debug|Any CPU
		Release|Any CPU = Release|Any CPU
	EndGlobalSection
	GlobalSection(ProjectConfigurationPlatforms) = postSolution
		{CA633483-0267-4AA2-9CA7-DE15F089F20C}.Debug|Any CPU.ActiveCfg = Debug|Any CPU
		{CA633483-0267-4AA2-9CA7-DE15F089F20C}.Debug|Any CPU.Build.0 = Debug|Any CPU
		{CA633483-0267-4AA2-9CA7-DE15F089F20C}.Release|Any CPU.ActiveCfg = Release|Any CPU
		{CA633483-0267-4AA2-9CA7-DE15F089F20C}.Release|Any CPU.Build.0 = Release|Any CPU
		{98C883F2-5ED6-4660-AF0B-8ECC8642EEA0}.Debug|Any CPU.ActiveCfg = Debug|Any CPU
		{98C883F2-5ED6-4660-AF0B-8ECC8642EEA0}.Debug|Any CPU.Build.0 = Debug|Any CPU
		{98C883F2-5ED6-4660-AF0B-8ECC8642EEA0}.Release|Any CPU.ActiveCfg = Release|Any CPU
		{98C883F2-5ED6-4660-AF0B-8ECC8642EEA0}.Release|Any CPU.Build.0 = Release|Any CPU
		{67C03F40-832A-4C22-86BB-F02ADDD3E4EC}.Debug|Any CPU.ActiveCfg = Debug|Any CPU
		{67C03F40-832A-4C22-86BB-F02ADDD3E4EC}.Debug|Any CPU.Build.0 = Debug|Any CPU
		{67C03F40-832A-4C22-86BB-F02ADDD3E4EC}.Release|Any CPU.ActiveCfg = Release|Any CPU
		{67C03F40-832A-4C22-86BB-F02ADDD3E4EC}.Release|Any CPU.Build.0 = Release|Any CPU
		{EE87D0F6-9AE7-4213-821B-60E098F2FDCA}.Debug|Any CPU.ActiveCfg = Debug|Any CPU
		{EE87D0F6-9AE7-4213-821B-60E098F2FDCA}.Debug|Any CPU.Build.0 = Debug|Any CPU
		{EE87D0F6-9AE7-4213-821B-60E098F2FDCA}.Release|Any CPU.ActiveCfg = Release|Any CPU
		{EE87D0F6-9AE7-4213-821B-60E098F2FDCA}.Release|Any CPU.Build.0 = Release|Any CPU
		{F7E2E791-4687-4164-B2FD-73CDF215D34E}.Debug|Any CPU.ActiveCfg = Debug|Any CPU
		{F7E2E791-4687-4164-B2FD-73CDF215D34E}.Debug|Any CPU.Build.0 = Debug|Any CPU
		{F7E2E791-4687-4164-B2FD-73CDF215D34E}.Release|Any CPU.ActiveCfg = Release|Any CPU
		{F7E2E791-4687-4164-B2FD-73CDF215D34E}.Release|Any CPU.Build.0 = Release|Any CPU
	EndGlobalSection
	GlobalSection(SolutionProperties) = preSolution
		HideSolutionNode = FALSE
	EndGlobalSection
	GlobalSection(ExtensibilityGlobals) = postSolution
		SolutionGuid = {BD94EDC9-8E6D-4466-968B-7F8186BD7462}
	EndGlobalSection
EndGlobal
